
Microsoft Visual Studio Solution File, Format Version 12.00
# Visual Studio Version 16
VisualStudioVersion = 16.0.29311.281
MinimumVisualStudioVersion = 10.0.40219.1
Project("{9A19103F-16F7-4668-BE54-9A1E7A4F7556}") = "Naos.Sample.Customers.Application", "Naos.Sample.Customers\src\Naos.Sample.Customers.Application\Naos.Sample.Customers.Application.csproj", "{791149B8-FB62-42AA-9302-E387CAB2D2D6}"
EndProject
Project("{9A19103F-16F7-4668-BE54-9A1E7A4F7556}") = "Naos.Sample.Customers.Domain", "Naos.Sample.Customers\src\Naos.Sample.Customers.Domain\Naos.Sample.Customers.Domain.csproj", "{569E1E20-DFD1-4945-8CB5-7C79288F10A5}"
EndProject
Project("{9A19103F-16F7-4668-BE54-9A1E7A4F7556}") = "Naos.Sample.Customers.Infrastructure", "Naos.Sample.Customers\src\Naos.Sample.Customers.Infrastructure\Naos.Sample.Customers.Infrastructure.csproj", "{6CEFE3A7-25A2-4BAE-9A41-404247CD10A7}"
EndProject
Project("{FAE04EC0-301F-11D3-BF4B-00C04F79EFBC}") = "Naos.Sample.Customers.Application.Web", "Naos.Sample.Customers\src\Naos.Sample.Customers.Application.Web\Naos.Sample.Customers.Application.Web.csproj", "{7D84D52D-4312-47CF-B859-D1240BF18C64}"
EndProject
Global
	GlobalSection(SolutionConfigurationPlatforms) = preSolution
		Debug|Any CPU = Debug|Any CPU
		Release|Any CPU = Release|Any CPU
	EndGlobalSection
	GlobalSection(ProjectConfigurationPlatforms) = postSolution
		{791149B8-FB62-42AA-9302-E387CAB2D2D6}.Debug|Any CPU.ActiveCfg = Debug|Any CPU
		{791149B8-FB62-42AA-9302-E387CAB2D2D6}.Debug|Any CPU.Build.0 = Debug|Any CPU
		{791149B8-FB62-42AA-9302-E387CAB2D2D6}.Release|Any CPU.ActiveCfg = Release|Any CPU
		{791149B8-FB62-42AA-9302-E387CAB2D2D6}.Release|Any CPU.Build.0 = Release|Any CPU
		{569E1E20-DFD1-4945-8CB5-7C79288F10A5}.Debug|Any CPU.ActiveCfg = Debug|Any CPU
		{569E1E20-DFD1-4945-8CB5-7C79288F10A5}.Debug|Any CPU.Build.0 = Debug|Any CPU
		{569E1E20-DFD1-4945-8CB5-7C79288F10A5}.Release|Any CPU.ActiveCfg = Release|Any CPU
		{569E1E20-DFD1-4945-8CB5-7C79288F10A5}.Release|Any CPU.Build.0 = Release|Any CPU
		{6CEFE3A7-25A2-4BAE-9A41-404247CD10A7}.Debug|Any CPU.ActiveCfg = Debug|Any CPU
		{6CEFE3A7-25A2-4BAE-9A41-404247CD10A7}.Debug|Any CPU.Build.0 = Debug|Any CPU
		{6CEFE3A7-25A2-4BAE-9A41-404247CD10A7}.Release|Any CPU.ActiveCfg = Release|Any CPU
		{6CEFE3A7-25A2-4BAE-9A41-404247CD10A7}.Release|Any CPU.Build.0 = Release|Any CPU
		{7D84D52D-4312-47CF-B859-D1240BF18C64}.Debug|Any CPU.ActiveCfg = Debug|Any CPU
		{7D84D52D-4312-47CF-B859-D1240BF18C64}.Debug|Any CPU.Build.0 = Debug|Any CPU
		{7D84D52D-4312-47CF-B859-D1240BF18C64}.Release|Any CPU.ActiveCfg = Release|Any CPU
		{7D84D52D-4312-47CF-B859-D1240BF18C64}.Release|Any CPU.Build.0 = Release|Any CPU
	EndGlobalSection
	GlobalSection(SolutionProperties) = preSolution
		HideSolutionNode = FALSE
	EndGlobalSection
	GlobalSection(ExtensibilityGlobals) = postSolution
		SolutionGuid = {66F5B9AD-45DA-4E04-BBD1-769D6C3D7834}
	EndGlobalSection
EndGlobal
